
Microsoft Visual Studio Solution File, Format Version 12.00
# Visual Studio Version 17
VisualStudioVersion = 17.2.32616.157
MinimumVisualStudioVersion = 10.0.40219.1
Project("{8BC9CEB8-8B4A-11D0-8D11-00A0C91BC942}") = "Function", "Function\Function.vcxproj", "{E468DD13-6959-41EC-9946-81EF727D045B}"
EndProject
Global
	GlobalSection(SolutionConfigurationPlatforms) = preSolution
		Debug|x64 = Debug|x64
		Debug|x86 = Debug|x86
		Release|x64 = Release|x64
		Release|x86 = Release|x86
	EndGlobalSection
	GlobalSection(ProjectConfigurationPlatforms) = postSolution
		{E468DD13-6959-41EC-9946-81EF727D045B}.Debug|x64.ActiveCfg = Debug|x64
		{E468DD13-6959-41EC-9946-81EF727D045B}.Debug|x64.Build.0 = Debug|x64
		{E468DD13-6959-41EC-9946-81EF727D045B}.Debug|x86.ActiveCfg = Debug|Win32
		{E468DD13-6959-41EC-9946-81EF727D045B}.Debug|x86.Build.0 = Debug|Win32
		{E468DD13-6959-41EC-9946-81EF727D045B}.Release|x64.ActiveCfg = Release|x64
		{E468DD13-6959-41EC-9946-81EF727D045B}.Release|x64.Build.0 = Release|x64
		{E468DD13-6959-41EC-9946-81EF727D045B}.Release|x86.ActiveCfg = Release|Win32
		{E468DD13-6959-41EC-9946-81EF727D045B}.Release|x86.Build.0 = Release|Win32
	EndGlobalSection
	GlobalSection(SolutionProperties) = preSolution
		HideSolutionNode = FALSE
	EndGlobalSection
	GlobalSection(ExtensibilityGlobals) = postSolution
		SolutionGuid = {189D9977-B4DD-4AC0-81C3-88B5F81B373F}
	EndGlobalSection
EndGlobal
